
Microsoft Visual Studio Solution File, Format Version 12.00
# Visual Studio Version 17
VisualStudioVersion = 17.1.32210.238
MinimumVisualStudioVersion = 10.0.40219.1
Project("{FAE04EC0-301F-11D3-BF4B-00C04F79EFBC}") = "MoodAnalyzerUnitTestCase", "MoodAnalyzerUnitTestCase\MoodAnalyzerUnitTestCase.csproj", "{61BD8B95-97BA-4378-8FDF-83A4189EEDB1}"
EndProject
Global
	GlobalSection(SolutionConfigurationPlatforms) = preSolution
		Debug|Any CPU = Debug|Any CPU
		Release|Any CPU = Release|Any CPU
	EndGlobalSection
	GlobalSection(ProjectConfigurationPlatforms) = postSolution
		{61BD8B95-97BA-4378-8FDF-83A4189EEDB1}.Debug|Any CPU.ActiveCfg = Debug|Any CPU
		{61BD8B95-97BA-4378-8FDF-83A4189EEDB1}.Debug|Any CPU.Build.0 = Debug|Any CPU
		{61BD8B95-97BA-4378-8FDF-83A4189EEDB1}.Release|Any CPU.ActiveCfg = Release|Any CPU
		{61BD8B95-97BA-4378-8FDF-83A4189EEDB1}.Release|Any CPU.Build.0 = Release|Any CPU
	EndGlobalSection
	GlobalSection(SolutionProperties) = preSolution
		HideSolutionNode = FALSE
	EndGlobalSection
	GlobalSection(ExtensibilityGlobals) = postSolution
		SolutionGuid = {C05555D6-E465-429F-9520-3E4E82C88111}
	EndGlobalSection
EndGlobal
